dependencies:
  atanisoft/esp_lcd_touch_xpt2046:
    component_hash: 94c1d199922bc7468b5e14912ab0eb053a4a5a25680ce8a4ca2f4f18febbb01a
    dependencies:
    - name: idf
      require: private
      version: '>=4.4'
    - name: espressif/esp_lcd_touch
      registry_url: https://components.espressif.com
      require: private
      version: '>=1.0.4'
    source:
      registry_url: https://components.espressif.com/
      type: service
    version: 1.0.5
  espressif/cmake_utilities:
    component_hash: 351350613ceafba240b761b4ea991e0f231ac7a9f59a9ee901f751bddc0bb18f
    dependencies:
    - name: idf
      registry_url: https://components.espressif.com
      require: private
      version: '>=4.1'
    source:
      registry_url: https://components.espressif.com
      type: service
    version: 0.5.3
  espressif/esp-lib-utils:
    component_hash: f4caf13d9813e9982c690d081ec2435478014114526e91fd70f4ed1d6ff312bb
    dependencies:
    - name: idf
      require: private
      version: '>=5.1'
    source:
      registry_url: https://components.espressif.com/
      type: service
    version: 0.2.0
  espressif/esp32_io_expander:
    component_hash: 98781cc8ea74924570a0350337c71cbb39d19862793f1ed0883631f812c95a4b
    dependencies:
    - name: espressif/esp-lib-utils
      registry_url: https://components.espressif.com
      require: public
      version: 0.2.*
    - name: idf
      require: private
      version: '>=5.1'
    source:
      registry_url: https://components.espressif.com/
      type: service
    version: 1.1.0
  espressif/esp_lcd_ili9341:
    component_hash: c6b96c14fa22ab9b80251812f7dbd7dd1b255ccd68abb0cef97a276df711a4ec
    dependencies:
    - name: idf
      registry_url: https://components.espressif.com
      require: private
      version: '>=4.4'
    - name: espressif/cmake_utilities
      registry_url: https://components.espressif.com
      require: private
      version: 0.*
    source:
      registry_url: https://components.espressif.com/
      type: service
    version: 2.0.0
  espressif/esp_lcd_touch:
    component_hash: 779b4ba2464a3ae85681e4b860caa5fdc35801458c23f3039ee761bae7f442a4
    dependencies:
    - name: idf
      registry_url: https://components.espressif.com
      require: private
      version: '>=4.4.2'
    source:
      registry_url: https://components.espressif.com/
      type: service
    version: 1.1.2
  espressif/esp_lvgl_port:
    component_hash: bb938deffba7d80b2ce582a796c053681b0439e0a7033666688e0f1f5b921125
    dependencies:
    - name: idf
      require: private
      version: '>=4.4'
    - name: lvgl/lvgl
      registry_url: https://components.espressif.com
      require: public
      version: '>=8,<10'
    source:
      registry_url: https://components.espressif.com/
      type: service
    version: 2.5.0
  espressif/i2c_bus:
    component_hash: e3dddc78baa172f4768f3973fbecbd6c6c1f2cb23cc6a36cf3132758be092482
    dependencies:
    - name: espressif/cmake_utilities
      registry_url: https://components.espressif.com
      require: private
      version: 0.*
    - name: idf
      require: private
      version: '>=4.0'
    source:
      registry_url: https://components.espressif.com/
      type: service
    version: 1.4.0
  espressif/jsmn:
    component_hash: d80350c41bbaa827c98a25b6072df00884e72f54885996fab4a4f0aebce6b6c3
    dependencies:
    - name: idf
      registry_url: https://components.espressif.com
      require: private
      version: '>=4.3'
    source:
      registry_url: https://components.espressif.com
      type: service
    version: 1.1.0
  espressif/json_parser:
    component_hash: d74b81729ad06ec11ff5eb5b1b0d7df1d00e6027fc11471f4b139c70dcf1b1e4
    dependencies:
    - name: espressif/jsmn
      registry_url: https://components.espressif.com
      require: private
      rules:
      - if: idf_version >=5.0
      version: ~1.1
    source:
      registry_url: https://components.espressif.com/
      type: service
    version: 1.0.3
  h2zero/esp-nimble-cpp:
    component_hash: 82f654989d6e7a82744e32af78fd796d02c545a1728f35d165f4dacd4fcc3663
    dependencies: []
    source:
      registry_url: https://components.espressif.com/
      type: service
    version: 2.2.1
  idf:
    source:
      type: idf
    version: 5.3.3
  lvgl/lvgl:
    component_hash: 096c69af22eaf8a2b721e3913da91918c5e6bf1a762a113ec01f401aa61337a0
    dependencies: []
    source:
      registry_url: https://components.espressif.com
      type: service
    version: 9.2.2
direct_dependencies:
- atanisoft/esp_lcd_touch_xpt2046
- espressif/esp-lib-utils
- espressif/esp32_io_expander
- espressif/esp_lcd_ili9341
- espressif/esp_lcd_touch
- espressif/esp_lvgl_port
- espressif/i2c_bus
- espressif/json_parser
- h2zero/esp-nimble-cpp
- idf
manifest_hash: 6a0b8e05560879697592f181fe07f81593d256d6791418d008fb4fee76bc75a9
target: esp32s3
version: 2.0.0
